
Microsoft Visual Studio Solution File, Format Version 12.00
# Visual Studio Version 17
VisualStudioVersion = 17.7.34302.85
MinimumVisualStudioVersion = 10.0.40219.1
Project("{FAE04EC0-301F-11D3-BF4B-00C04F79EFBC}") = "MemoryCaching", "MemoryCaching\MemoryCaching.csproj", "{5B7A63E0-B9AA-41AA-9FD7-7ECAFB922E74}"
EndProject
Global
	GlobalSection(SolutionConfigurationPlatforms) = preSolution
		Debug|Any CPU = Debug|Any CPU
		Release|Any CPU = Release|Any CPU
	EndGlobalSection
	GlobalSection(ProjectConfigurationPlatforms) = postSolution
		{5B7A63E0-B9AA-41AA-9FD7-7ECAFB922E74}.Debug|Any CPU.ActiveCfg = Debug|Any CPU
		{5B7A63E0-B9AA-41AA-9FD7-7ECAFB922E74}.Debug|Any CPU.Build.0 = Debug|Any CPU
		{5B7A63E0-B9AA-41AA-9FD7-7ECAFB922E74}.Release|Any CPU.ActiveCfg = Release|Any CPU
		{5B7A63E0-B9AA-41AA-9FD7-7ECAFB922E74}.Release|Any CPU.Build.0 = Release|Any CPU
	EndGlobalSection
	GlobalSection(SolutionProperties) = preSolution
		HideSolutionNode = FALSE
	EndGlobalSection
	GlobalSection(ExtensibilityGlobals) = postSolution
		SolutionGuid = {F78BBA9C-098A-4D88-A1D3-C0801311E0B3}
	EndGlobalSection
EndGlobal
